
Microsoft Visual Studio Solution File, Format Version 12.00
# Visual Studio Version 17
VisualStudioVersion = 17.14.36414.22 d17.14
MinimumVisualStudioVersion = 10.0.40219.1
Project("{FAE04EC0-301F-11D3-BF4B-00C04F79EFBC}") = "Zelda1", "Zelda1.csproj", "{8CE53611-A489-4471-8071-35FD4A0B8EC0}"
EndProject
Global
	GlobalSection(SolutionConfigurationPlatforms) = preSolution
		Debug|Any CPU = Debug|Any CPU
		Release|Any CPU = Release|Any CPU
	EndGlobalSection
	GlobalSection(ProjectConfigurationPlatforms) = postSolution
		{8CE53611-A489-4471-8071-35FD4A0B8EC0}.Debug|Any CPU.ActiveCfg = Debug|Any CPU
		{8CE53611-A489-4471-8071-35FD4A0B8EC0}.Debug|Any CPU.Build.0 = Debug|Any CPU
		{8CE53611-A489-4471-8071-35FD4A0B8EC0}.Release|Any CPU.ActiveCfg = Release|Any CPU
		{8CE53611-A489-4471-8071-35FD4A0B8EC0}.Release|Any CPU.Build.0 = Release|Any CPU
	EndGlobalSection
	GlobalSection(SolutionProperties) = preSolution
		HideSolutionNode = FALSE
	EndGlobalSection
	GlobalSection(ExtensibilityGlobals) = postSolution
		SolutionGuid = {754C6B0D-0F06-4BFD-B153-242E9E90438C}
	EndGlobalSection
EndGlobal
